
Microsoft Visual Studio Solution File, Format Version 12.00
# Visual Studio 15
VisualStudioVersion = 15.0.28307.539
MinimumVisualStudioVersion = 10.0.40219.1
Project("{FAE04EC0-301F-11D3-BF4B-00C04F79EFBC}") = "MyEverNote.WebApp", "MyEverNote.WebApp\MyEverNote.WebApp.csproj", "{4E77E2FD-AF55-4756-95F5-490CD9BBECE2}"
EndProject
Project("{FAE04EC0-301F-11D3-BF4B-00C04F79EFBC}") = "MyEverNote.BusinessLayer", "MyEverNote.BusinessLayer\MyEverNote.BusinessLayer.csproj", "{954E8EF4-FD7E-4001-922F-22434DF2712D}"
EndProject
Project("{FAE04EC0-301F-11D3-BF4B-00C04F79EFBC}") = "MyEverNote.DataAccessLayer", "MyEverNote.DataAccessLayer\MyEverNote.DataAccessLayer.csproj", "{146832F9-34B4-4D55-B7F3-C40968B59700}"
EndProject
Project("{FAE04EC0-301F-11D3-BF4B-00C04F79EFBC}") = "MyEverNote.Entities", "MyEverNote.Entities\MyEverNote.Entities.csproj", "{0092F557-F587-4EC6-AA1D-F3746A13A161}"
EndProject
Project("{FAE04EC0-301F-11D3-BF4B-00C04F79EFBC}") = "MyEverNote.Common", "MyEverNote.Common\MyEverNote.Common.csproj", "{58FD3A8B-DD7C-4B76-876F-6A8DB9C4E381}"
EndProject
Global
	GlobalSection(SolutionConfigurationPlatforms) = preSolution
		Debug|Any CPU = Debug|Any CPU
		Release|Any CPU = Release|Any CPU
	EndGlobalSection
	GlobalSection(ProjectConfigurationPlatforms) = postSolution
		{4E77E2FD-AF55-4756-95F5-490CD9BBECE2}.Debug|Any CPU.ActiveCfg = Debug|Any CPU
		{4E77E2FD-AF55-4756-95F5-490CD9BBECE2}.Debug|Any CPU.Build.0 = Debug|Any CPU
		{4E77E2FD-AF55-4756-95F5-490CD9BBECE2}.Release|Any CPU.ActiveCfg = Release|Any CPU
		{4E77E2FD-AF55-4756-95F5-490CD9BBECE2}.Release|Any CPU.Build.0 = Release|Any CPU
		{954E8EF4-FD7E-4001-922F-22434DF2712D}.Debug|Any CPU.ActiveCfg = Debug|Any CPU
		{954E8EF4-FD7E-4001-922F-22434DF2712D}.Debug|Any CPU.Build.0 = Debug|Any CPU
		{954E8EF4-FD7E-4001-922F-22434DF2712D}.Release|Any CPU.ActiveCfg = Release|Any CPU
		{954E8EF4-FD7E-4001-922F-22434DF2712D}.Release|Any CPU.Build.0 = Release|Any CPU
		{146832F9-34B4-4D55-B7F3-C40968B59700}.Debug|Any CPU.ActiveCfg = Debug|Any CPU
		{146832F9-34B4-4D55-B7F3-C40968B59700}.Debug|Any CPU.Build.0 = Debug|Any CPU
		{146832F9-34B4-4D55-B7F3-C40968B59700}.Release|Any CPU.ActiveCfg = Release|Any CPU
		{146832F9-34B4-4D55-B7F3-C40968B59700}.Release|Any CPU.Build.0 = Release|Any CPU
		{0092F557-F587-4EC6-AA1D-F3746A13A161}.Debug|Any CPU.ActiveCfg = Debug|Any CPU
		{0092F557-F587-4EC6-AA1D-F3746A13A161}.Debug|Any CPU.Build.0 = Debug|Any CPU
		{0092F557-F587-4EC6-AA1D-F3746A13A161}.Release|Any CPU.ActiveCfg = Release|Any CPU
		{0092F557-F587-4EC6-AA1D-F3746A13A161}.Release|Any CPU.Build.0 = Release|Any CPU
		{58FD3A8B-DD7C-4B76-876F-6A8DB9C4E381}.Debug|Any CPU.ActiveCfg = Debug|Any CPU
		{58FD3A8B-DD7C-4B76-876F-6A8DB9C4E381}.Debug|Any CPU.Build.0 = Debug|Any CPU
		{58FD3A8B-DD7C-4B76-876F-6A8DB9C4E381}.Release|Any CPU.ActiveCfg = Release|Any CPU
		{58FD3A8B-DD7C-4B76-876F-6A8DB9C4E381}.Release|Any CPU.Build.0 = Release|Any CPU
	EndGlobalSection
	GlobalSection(SolutionProperties) = preSolution
		HideSolutionNode = FALSE
	EndGlobalSection
	GlobalSection(ExtensibilityGlobals) = postSolution
		SolutionGuid = {A10771C8-EF9C-4D95-A84F-2F70DCD045EF}
	EndGlobalSection
EndGlobal
